
Microsoft Visual Studio Solution File, Format Version 12.00
# Visual Studio Version 16
VisualStudioVersion = 16.0.29519.87
MinimumVisualStudioVersion = 10.0.40219.1
Project("{FAE04EC0-301F-11D3-BF4B-00C04F79EFBC}") = "AddressBook1", "AddressBook1\AddressBook1.csproj", "{CD6AEA67-C524-4520-AC82-5C9BDFBE2ED5}"
EndProject
Global
	GlobalSection(SolutionConfigurationPlatforms) = preSolution
		Debug|Any CPU = Debug|Any CPU
		Release|Any CPU = Release|Any CPU
	EndGlobalSection
	GlobalSection(ProjectConfigurationPlatforms) = postSolution
		{CD6AEA67-C524-4520-AC82-5C9BDFBE2ED5}.Debug|Any CPU.ActiveCfg = Debug|Any CPU
		{CD6AEA67-C524-4520-AC82-5C9BDFBE2ED5}.Debug|Any CPU.Build.0 = Debug|Any CPU
		{CD6AEA67-C524-4520-AC82-5C9BDFBE2ED5}.Release|Any CPU.ActiveCfg = Release|Any CPU
		{CD6AEA67-C524-4520-AC82-5C9BDFBE2ED5}.Release|Any CPU.Build.0 = Release|Any CPU
	EndGlobalSection
	GlobalSection(SolutionProperties) = preSolution
		HideSolutionNode = FALSE
	EndGlobalSection
	GlobalSection(ExtensibilityGlobals) = postSolution
		SolutionGuid = {4323CACC-07C8-40CB-8A8A-02659FCF6433}
	EndGlobalSection
EndGlobal
